dependencies:
- name: redis
  repository: https://charts.bitnami.com/bitnami
  version: 24.0.0
- name: mongodb
  repository: https://charts.bitnami.com/bitnami
  version: 18.1.10
- name: nats
  repository: https://nats-io.github.io/k8s/helm/charts/
  version: 2.12.2
digest: sha256:306739c0ce013e33b65d0eaa11b747cb9876c0fae6bdf682d1ae7587aa9950d1
generated: "2025-11-23T15:19:42.769984986+02:00"
